
Microsoft Visual Studio Solution File, Format Version 12.00
# Visual Studio 15
VisualStudioVersion = 15.0.28307.106
MinimumVisualStudioVersion = 10.0.40219.1
Project("{FAE04EC0-301F-11D3-BF4B-00C04F79EFBC}") = "FirstCalculator", "FirstCalculator\FirstCalculator.csproj", "{A3E8995F-16B4-4945-A7D0-0E77CFC0823C}"
EndProject
Global
	GlobalSection(SolutionConfigurationPlatforms) = preSolution
		Debug|Any CPU = Debug|Any CPU
		Release|Any CPU = Release|Any CPU
	EndGlobalSection
	GlobalSection(ProjectConfigurationPlatforms) = postSolution
		{A3E8995F-16B4-4945-A7D0-0E77CFC0823C}.Debug|Any CPU.ActiveCfg = Debug|Any CPU
		{A3E8995F-16B4-4945-A7D0-0E77CFC0823C}.Debug|Any CPU.Build.0 = Debug|Any CPU
		{A3E8995F-16B4-4945-A7D0-0E77CFC0823C}.Release|Any CPU.ActiveCfg = Release|Any CPU
		{A3E8995F-16B4-4945-A7D0-0E77CFC0823C}.Release|Any CPU.Build.0 = Release|Any CPU
	EndGlobalSection
	GlobalSection(SolutionProperties) = preSolution
		HideSolutionNode = FALSE
	EndGlobalSection
	GlobalSection(ExtensibilityGlobals) = postSolution
		SolutionGuid = {522D77B5-4B2A-4C24-B706-6A53B823BC06}
	EndGlobalSection
EndGlobal
